
Microsoft Visual Studio Solution File, Format Version 12.00
# Visual Studio Version 17
VisualStudioVersion = 17.4.33110.190
MinimumVisualStudioVersion = 10.0.40219.1
Project("{FAE04EC0-301F-11D3-BF4B-00C04F79EFBC}") = "LeaveManagement.Web", "LeaveManagement.Web\LeaveManagement.Web.csproj", "{B045E878-C95B-48B1-9DBB-E52F8453D8E6}"
EndProject
Global
	GlobalSection(SolutionConfigurationPlatforms) = preSolution
		Debug|Any CPU = Debug|Any CPU
		Release|Any CPU = Release|Any CPU
	EndGlobalSection
	GlobalSection(ProjectConfigurationPlatforms) = postSolution
		{B045E878-C95B-48B1-9DBB-E52F8453D8E6}.Debug|Any CPU.ActiveCfg = Debug|Any CPU
		{B045E878-C95B-48B1-9DBB-E52F8453D8E6}.Debug|Any CPU.Build.0 = Debug|Any CPU
		{B045E878-C95B-48B1-9DBB-E52F8453D8E6}.Release|Any CPU.ActiveCfg = Release|Any CPU
		{B045E878-C95B-48B1-9DBB-E52F8453D8E6}.Release|Any CPU.Build.0 = Release|Any CPU
	EndGlobalSection
	GlobalSection(SolutionProperties) = preSolution
		HideSolutionNode = FALSE
	EndGlobalSection
	GlobalSection(ExtensibilityGlobals) = postSolution
		SolutionGuid = {E4358648-8C91-434B-81AA-2AC801053AD1}
	EndGlobalSection
EndGlobal
